# THIS IS AN AUTOGENERATED FILE. DO NOT EDIT THIS FILE DIRECTLY.
# yarn lockfile v1
isarray@0.0.1:
  version "0.0.1"
  resolved "https://registry.yarnpkg.com/isarray/-/isarray-0.0.1.tgz#8a18acfca9a8f4177e09abfc6038939b05d1eedf"

path-to-regexp@^1.6.0:
  version "1.6.0"
  resolved "https://registry.yarnpkg.com/path-to-regexp/-/path-to-regexp-1.6.0.tgz#4c59cfeab5e360a2657b180730a4bb4582ecec5b"
  dependencies:
    isarray "0.0.1"

typescript@next:
  version "2.1.0-dev.20161027"
  resolved "https://registry.yarnpkg.com/typescript/-/typescript-2.1.0-dev.20161027.tgz#f6456102956dee194398fa1ad093b944c8db4f0a"

